
Microsoft Visual Studio Solution File, Format Version 12.00
# Visual Studio Version 17
VisualStudioVersion = 17.2.32526.322
MinimumVisualStudioVersion = 10.0.40219.1
Project("{FAE04EC0-301F-11D3-BF4B-00C04F79EFBC}") = "AlternateStarterFix", "AlternateStarterFix\AlternateStarterFix.csproj", "{54A46D5A-BEEB-4274-AAE9-A846B48E537D}"
EndProject
Global
	GlobalSection(SolutionConfigurationPlatforms) = preSolution
		Debug|Any CPU = Debug|Any CPU
		Release|Any CPU = Release|Any CPU
	EndGlobalSection
	GlobalSection(ProjectConfigurationPlatforms) = postSolution
		{54A46D5A-BEEB-4274-AAE9-A846B48E537D}.Debug|Any CPU.ActiveCfg = Debug|Any CPU
		{54A46D5A-BEEB-4274-AAE9-A846B48E537D}.Debug|Any CPU.Build.0 = Debug|Any CPU
		{54A46D5A-BEEB-4274-AAE9-A846B48E537D}.Release|Any CPU.ActiveCfg = Release|Any CPU
		{54A46D5A-BEEB-4274-AAE9-A846B48E537D}.Release|Any CPU.Build.0 = Release|Any CPU
	EndGlobalSection
	GlobalSection(SolutionProperties) = preSolution
		HideSolutionNode = FALSE
	EndGlobalSection
	GlobalSection(ExtensibilityGlobals) = postSolution
		SolutionGuid = {932F4EBD-4BAA-4281-A4C4-66F9ECF21300}
	EndGlobalSection
EndGlobal
